
Microsoft Visual Studio Solution File, Format Version 12.00
# Visual Studio 14
VisualStudioVersion = 14.0.24720.0
MinimumVisualStudioVersion = 10.0.40219.1
Project("{FAE04EC0-301F-11D3-BF4B-00C04F79EFBC}") = "Hnatyshyn.Nazar.5I.SitoPersonale", "Hnatyshyn.Nazar.5I.SitoPersonale\Hnatyshyn.Nazar.5I.SitoPersonale.csproj", "{5AE706C2-E456-4DB6-B929-BFB22642B467}"
EndProject
Global
	GlobalSection(SolutionConfigurationPlatforms) = preSolution
		Debug|Any CPU = Debug|Any CPU
		Release|Any CPU = Release|Any CPU
	EndGlobalSection
	GlobalSection(ProjectConfigurationPlatforms) = postSolution
		{5AE706C2-E456-4DB6-B929-BFB22642B467}.Debug|Any CPU.ActiveCfg = Debug|Any CPU
		{5AE706C2-E456-4DB6-B929-BFB22642B467}.Debug|Any CPU.Build.0 = Debug|Any CPU
		{5AE706C2-E456-4DB6-B929-BFB22642B467}.Release|Any CPU.ActiveCfg = Release|Any CPU
		{5AE706C2-E456-4DB6-B929-BFB22642B467}.Release|Any CPU.Build.0 = Release|Any CPU
	EndGlobalSection
	GlobalSection(SolutionProperties) = preSolution
		HideSolutionNode = FALSE
	EndGlobalSection
EndGlobal
